
Microsoft Visual Studio Solution File, Format Version 11.00
# Visual Studio 2010
Project("{8BC9CEB8-8B4A-11D0-8D11-00A0C91BC942}") = "L1-6", "L1-6\L1-6.vcxproj", "{54A81751-A92D-4C03-9AEF-7605421966CF}"
EndProject
Global
	GlobalSection(SolutionConfigurationPlatforms) = preSolution
		Debug|Win32 = Debug|Win32
		Release|Win32 = Release|Win32
	EndGlobalSection
	GlobalSection(ProjectConfigurationPlatforms) = postSolution
		{54A81751-A92D-4C03-9AEF-7605421966CF}.Debug|Win32.ActiveCfg = Debug|Win32
		{54A81751-A92D-4C03-9AEF-7605421966CF}.Debug|Win32.Build.0 = Debug|Win32
		{54A81751-A92D-4C03-9AEF-7605421966CF}.Release|Win32.ActiveCfg = Release|Win32
		{54A81751-A92D-4C03-9AEF-7605421966CF}.Release|Win32.Build.0 = Release|Win32
	EndGlobalSection
	GlobalSection(SolutionProperties) = preSolution
		HideSolutionNode = FALSE
	EndGlobalSection
EndGlobal
